// !$*UTF8*$!
{
	archiveVersion = 1;
	classes = {
	};
	objectVersion = 56;
	objects = {

/* Begin PBXBuildFile section */
		383255052E3FA30600E503D3 /* Place.swift in Sources */ = {isa = PBXBuildFile; fileRef = 383255042E3FA30600E503D3 /* Place.swift */; };
		3876BF412E48E6E000084A59 /* DetailsViewController.swift in Sources */ = {isa = PBXBuildFile; fileRef = 3876BF402E48E6E000084A59 /* DetailsViewController.swift */; };
		38B386152E41051A001C983E /* PlacesListViewController.swift in Sources */ = {isa = PBXBuildFile; fileRef = 38B386142E41051A001C983E /* PlacesListViewController.swift */; };
		69043D473A496318DEB26514 /* Pods_mapView.framework in Frameworks */ = {isa = PBXBuildFile; fileRef = 2D47BD2A33FBAF83323F0E8F /* Pods_mapView.framework */; };
		ACAE3EDB2CDB7C5E00BCC4C8 /* AppDelegate.swift in Sources */ = {isa = PBXBuildFile; fileRef = ACAE3EDA2CDB7C5E00BCC4C8 /* AppDelegate.swift */; };
		ACAE3EDD2CDB7C5E00BCC4C8 /* SceneDelegate.swift in Sources */ = {isa = PBXBuildFile; fileRef = ACAE3EDC2CDB7C5E00BCC4C8 /* SceneDelegate.swift */; };
		ACAE3EDF2CDB7C5E00BCC4C8 /* ViewController.swift in Sources */ = {isa = PBXBuildFile; fileRef = ACAE3EDE2CDB7C5E00BCC4C8 /* ViewController.swift */; };
		ACAE3EE22CDB7C5E00BCC4C8 /* Base in Resources */ = {isa = PBXBuildFile; fileRef = ACAE3EE12CDB7C5E00BCC4C8 /* Base */; };
		ACAE3EE42CDB7C5F00BCC4C8 /* Assets.xcassets in Resources */ = {isa = PBXBuildFile; fileRef = ACAE3EE32CDB7C5F00BCC4C8 /* Assets.xcassets */; };
		ACAE3EE72CDB7C5F00BCC4C8 /* Base in Resources */ = {isa = PBXBuildFile; fileRef = ACAE3EE62CDB7C5F00BCC4C8 /* Base */; };
/* End PBXBuildFile section */

/* Begin PBXFileReference section */
		2D47BD2A33FBAF83323F0E8F /* Pods_mapView.framework */ = {isa = PBXFileReference; explicitFileType = wrapper.framework; includeInIndex = 0; path = Pods_mapView.framework; sourceTree = BUILT_PRODUCTS_DIR; };
		383255042E3FA30600E503D3 /* Place.swift */ = {isa = PBXFileReference; lastKnownFileType = sourcecode.swift; path = Place.swift; sourceTree = "<group>"; };
		3876BF402E48E6E000084A59 /* DetailsViewController.swift */ = {isa = PBXFileReference; lastKnownFileType = sourcecode.swift; path = DetailsViewController.swift; sourceTree = "<group>"; };
		38B386142E41051A001C983E /* PlacesListViewController.swift */ = {isa = PBXFileReference; lastKnownFileType = sourcecode.swift; path = PlacesListViewController.swift; sourceTree = "<group>"; };
		78E004738788A90CFAF6BD19 /* Pods-mapView.debug.xcconfig */ = {isa = PBXFileReference; includeInIndex = 1; lastKnownFileType = text.xcconfig; name = "Pods-mapView.debug.xcconfig"; path = "Target Support Files/Pods-mapView/Pods-mapView.debug.xcconfig"; sourceTree = "<group>"; };
		ACAE3ED72CDB7C5E00BCC4C8 /* mapView.app */ = {isa = PBXFileReference; explicitFileType = wrapper.application; includeInIndex = 0; path = mapView.app; sourceTree = BUILT_PRODUCTS_DIR; };
		ACAE3EDA2CDB7C5E00BCC4C8 /* AppDelegate.swift */ = {isa = PBXFileReference; lastKnownFileType = sourcecode.swift; path = AppDelegate.swift; sourceTree = "<group>"; };
		ACAE3EDC2CDB7C5E00BCC4C8 /* SceneDelegate.swift */ = {isa = PBXFileReference; lastKnownFileType = sourcecode.swift; path = SceneDelegate.swift; sourceTree = "<group>"; };
		ACAE3EDE2CDB7C5E00BCC4C8 /* ViewController.swift */ = {isa = PBXFileReference; lastKnownFileType = sourcecode.swift; path = ViewController.swift; sourceTree = "<group>"; };
		ACAE3EE12CDB7C5E00BCC4C8 /* Base */ = {isa = PBXFileReference; lastKnownFileType = file.storyboard; name = Base; path = Base.lproj/Main.storyboard; sourceTree = "<group>"; };
		ACAE3EE32CDB7C5F00BCC4C8 /* Assets.xcassets */ = {isa = PBXFileReference; lastKnownFileType = folder.assetcatalog; path = Assets.xcassets; sourceTree = "<group>"; };
		ACAE3EE62CDB7C5F00BCC4C8 /* Base */ = {isa = PBXFileReference; lastKnownFileType = file.storyboard; name = Base; path = Base.lproj/LaunchScreen.storyboard; sourceTree = "<group>"; };
		ACAE3EE82CDB7C5F00BCC4C8 /* Info.plist */ = {isa = PBXFileReference; lastKnownFileType = text.plist.xml; path = Info.plist; sourceTree = "<group>"; };
		F1FF856F753393A7C72184AA /* Pods-mapView.release.xcconfig */ = {isa = PBXFileReference; includeInIndex = 1; lastKnownFileType = text.xcconfig; name = "Pods-mapView.release.xcconfig"; path = "Target Support Files/Pods-mapView/Pods-mapView.release.xcconfig"; sourceTree = "<group>"; };
/* End PBXFileReference section */

/* Begin PBXFrameworksBuildPhase section */
		ACAE3ED42CDB7C5E00BCC4C8 /* Frameworks */ = {
			isa = PBXFrameworksBuildPhase;
			buildActionMask = 2147483647;
			files = (
				69043D473A496318DEB26514 /* Pods_mapView.framework in Frameworks */,
			);
			runOnlyForDeploymentPostprocessing = 0;
		};
/* End PBXFrameworksBuildPhase section */

/* Begin PBXGroup section */
		33BB70019518102A0A397F0C /* Frameworks */ = {
			isa = PBXGroup;
			children = (
				2D47BD2A33FBAF83323F0E8F /* Pods_mapView.framework */,
			);
			name = Frameworks;
			sourceTree = "<group>";
		};
		ACAE3ECE2CDB7C5E00BCC4C8 = {
			isa = PBXGroup;
			children = (
				ACAE3ED92CDB7C5E00BCC4C8 /* mapView */,
				ACAE3ED82CDB7C5E00BCC4C8 /* Products */,
				ECDE10073DD98FF958E5FC46 /* Pods */,
				33BB70019518102A0A397F0C /* Frameworks */,
			);
			sourceTree = "<group>";
		};
		ACAE3ED82CDB7C5E00BCC4C8 /* Products */ = {
			isa = PBXGroup;
			children = (
				ACAE3ED72CDB7C5E00BCC4C8 /* mapView.app */,
			);
			name = Products;
			sourceTree = "<group>";
		};
		ACAE3ED92CDB7C5E00BCC4C8 /* mapView */ = {
			isa = PBXGroup;
			children = (
				ACAE3EDA2CDB7C5E00BCC4C8 /* AppDelegate.swift */,
				ACAE3EDC2CDB7C5E00BCC4C8 /* SceneDelegate.swift */,
				ACAE3EDE2CDB7C5E00BCC4C8 /* ViewController.swift */,
				383255042E3FA30600E503D3 /* Place.swift */,
				ACAE3EE02CDB7C5E00BCC4C8 /* Main.storyboard */,
				ACAE3EE32CDB7C5F00BCC4C8 /* Assets.xcassets */,
				ACAE3EE52CDB7C5F00BCC4C8 /* LaunchScreen.storyboard */,
				ACAE3EE82CDB7C5F00BCC4C8 /* Info.plist */,
				38B386142E41051A001C983E /* PlacesListViewController.swift */,
				3876BF402E48E6E000084A59 /* DetailsViewController.swift */,
			);
			path = mapView;
			sourceTree = "<group>";
		};
		ECDE10073DD98FF958E5FC46 /* Pods */ = {
			isa = PBXGroup;
			children = (
				78E004738788A90CFAF6BD19 /* Pods-mapView.debug.xcconfig */,
				F1FF856F753393A7C72184AA /* Pods-mapView.release.xcconfig */,
			);
			path = Pods;
			sourceTree = "<group>";
		};
/* End PBXGroup section */

/* Begin PBXNativeTarget section */
		ACAE3ED62CDB7C5E00BCC4C8 /* mapView */ = {
			isa = PBXNativeTarget;
			buildConfigurationList = ACAE3EEB2CDB7C5F00BCC4C8 /* Build configuration list for PBXNativeTarget "mapView" */;
			buildPhases = (
				493BB55F1EC23EEA93C60A15 /* [CP] Check Pods Manifest.lock */,
				ACAE3ED32CDB7C5E00BCC4C8 /* Sources */,
				ACAE3ED42CDB7C5E00BCC4C8 /* Frameworks */,
				ACAE3ED52CDB7C5E00BCC4C8 /* Resources */,
				2737F7966551839DF053D2E1 /* [CP] Embed Pods Frameworks */,
			);
			buildRules = (
			);
			dependencies = (
			);
			name = mapView;
			productName = mapView;
			productReference = ACAE3ED72CDB7C5E00BCC4C8 /* mapView.app */;
			productType = "com.apple.product-type.application";
		};
/* End PBXNativeTarget section */

/* Begin PBXProject section */
		ACAE3ECF2CDB7C5E00BCC4C8 /* Project object */ = {
			isa = PBXProject;
			attributes = {
				BuildIndependentTargetsInParallel = 1;
				LastSwiftUpdateCheck = 1540;
				LastUpgradeCheck = 1610;
				TargetAttributes = {
					ACAE3ED62CDB7C5E00BCC4C8 = {
						CreatedOnToolsVersion = 15.4;
					};
				};
			};
			buildConfigurationList = ACAE3ED22CDB7C5E00BCC4C8 /* Build configuration list for PBXProject "mapView" */;
			compatibilityVersion = "Xcode 14.0";
			developmentRegion = en;
			hasScannedForEncodings = 0;
			knownRegions = (
				en,
				Base,
			);
			mainGroup = ACAE3ECE2CDB7C5E00BCC4C8;
			productRefGroup = ACAE3ED82CDB7C5E00BCC4C8 /* Products */;
			projectDirPath = "";
			projectRoot = "";
			targets = (
				ACAE3ED62CDB7C5E00BCC4C8 /* mapView */,
			);
		};
/* End PBXProject section */

/* Begin PBXResourcesBuildPhase section */
		ACAE3ED52CDB7C5E00BCC4C8 /* Resources */ = {
			isa = PBXResourcesBuildPhase;
			buildActionMask = 2147483647;
			files = (
				ACAE3EE42CDB7C5F00BCC4C8 /* Assets.xcassets in Resources */,
				ACAE3EE72CDB7C5F00BCC4C8 /* Base in Resources */,
				ACAE3EE22CDB7C5E00BCC4C8 /* Base in Resources */,
			);
			runOnlyForDeploymentPostprocessing = 0;
		};
/* End PBXResourcesBuildPhase section */

/* Begin PBXShellScriptBuildPhase section */
		2737F7966551839DF053D2E1 /* [CP] Embed Pods Frameworks */ = {
			isa = PBXShellScriptBuildPhase;
			buildActionMask = 2147483647;
			files = (
			);
			inputFileListPaths = (
				"${PODS_ROOT}/Target Support Files/Pods-mapView/Pods-mapView-frameworks-${CONFIGURATION}-input-files.xcfilelist",
			);
			name = "[CP] Embed Pods Frameworks";
			outputFileListPaths = (
				"${PODS_ROOT}/Target Support Files/Pods-mapView/Pods-mapView-frameworks-${CONFIGURATION}-output-files.xcfilelist",
			);
			runOnlyForDeploymentPostprocessing = 0;
			shellPath = /bin/sh;
			shellScript = "\"${PODS_ROOT}/Target Support Files/Pods-mapView/Pods-mapView-frameworks.sh\"\n";
			showEnvVarsInLog = 0;
		};
		493BB55F1EC23EEA93C60A15 /* [CP] Check Pods Manifest.lock */ = {
			isa = PBXShellScriptBuildPhase;
			buildActionMask = 2147483647;
			files = (
			);
			inputFileListPaths = (
			);
			inputPaths = (
				"${PODS_PODFILE_DIR_PATH}/Podfile.lock",
				"${PODS_ROOT}/Manifest.lock",
			);
			name = "[CP] Check Pods Manifest.lock";
			outputFileListPaths = (
			);
			outputPaths = (
				"$(DERIVED_FILE_DIR)/Pods-mapView-checkManifestLockResult.txt",
			);
			runOnlyForDeploymentPostprocessing = 0;
			shellPath = /bin/sh;
			shellScript = "diff \"${PODS_PODFILE_DIR_PATH}/Podfile.lock\" \"${PODS_ROOT}/Manifest.lock\" > /dev/null\nif [ $? != 0 ] ; then\n    # print error to STDERR\n    echo \"error: The sandbox is not in sync with the Podfile.lock. Run 'pod install' or update your CocoaPods installation.\" >&2\n    exit 1\nfi\n# This output is used by Xcode 'outputs' to avoid re-running this script phase.\necho \"SUCCESS\" > \"${SCRIPT_OUTPUT_FILE_0}\"\n";
			showEnvVarsInLog = 0;
		};
/* End PBXShellScriptBuildPhase section */

/* Begin PBXSourcesBuildPhase section */
		ACAE3ED32CDB7C5E00BCC4C8 /* Sources */ = {
			isa = PBXSourcesBuildPhase;
			buildActionMask = 2147483647;
			files = (
				ACAE3EDF2CDB7C5E00BCC4C8 /* ViewController.swift in Sources */,
				ACAE3EDB2CDB7C5E00BCC4C8 /* AppDelegate.swift in Sources */,
				ACAE3EDD2CDB7C5E00BCC4C8 /* SceneDelegate.swift in Sources */,
				38B386152E41051A001C983E /* PlacesListViewController.swift in Sources */,
				383255052E3FA30600E503D3 /* Place.swift in Sources */,
				3876BF412E48E6E000084A59 /* DetailsViewController.swift in Sources */,
			);
			runOnlyForDeploymentPostprocessing = 0;
		};
/* End PBXSourcesBuildPhase section */

/* Begin PBXVariantGroup section */
		ACAE3EE02CDB7C5E00BCC4C8 /* Main.storyboard */ = {
			isa = PBXVariantGroup;
			children = (
				ACAE3EE12CDB7C5E00BCC4C8 /* Base */,
			);
			name = Main.storyboard;
			sourceTree = "<group>";
		};
		ACAE3EE52CDB7C5F00BCC4C8 /* LaunchScreen.storyboard */ = {
			isa = PBXVariantGroup;
			children = (
				ACAE3EE62CDB7C5F00BCC4C8 /* Base */,
			);
			name = LaunchScreen.storyboard;
			sourceTree = "<group>";
		};
/* End PBXVariantGroup section */

/* Begin XCBuildConfiguration section */
		ACAE3EE92CDB7C5F00BCC4C8 /* Debug */ = {
			isa = XCBuildConfiguration;
			buildSettings = {
				ALWAYS_SEARCH_USER_PATHS = NO;
				ASSETCATALOG_COMPILER_GENERATE_SWIFT_ASSET_SYMBOL_EXTENSIONS = YES;
				CLANG_ANALYZER_NONNULL = YES;
				CLANG_ANALYZER_NUMBER_OBJECT_CONVERSION = YES_AGGRESSIVE;
				CLANG_CXX_LANGUAGE_STANDARD = "gnu++20";
				CLANG_ENABLE_MODULES = YES;
				CLANG_ENABLE_OBJC_ARC = YES;
				CLANG_ENABLE_OBJC_WEAK = YES;
				CLANG_WARN_BLOCK_CAPTURE_AUTORELEASING = YES;
				CLANG_WARN_BOOL_CONVERSION = YES;
				CLANG_WARN_COMMA = YES;
				CLANG_WARN_CONSTANT_CONVERSION = YES;
				CLANG_WARN_DEPRECATED_OBJC_IMPLEMENTATIONS = YES;
				CLANG_WARN_DIRECT_OBJC_ISA_USAGE = YES_ERROR;
				CLANG_WARN_DOCUMENTATION_COMMENTS = YES;
				CLANG_WARN_EMPTY_BODY = YES;
				CLANG_WARN_ENUM_CONVERSION = YES;
				CLANG_WARN_INFINITE_RECURSION = YES;
				CLANG_WARN_INT_CONVERSION = YES;
				CLANG_WARN_NON_LITERAL_NULL_CONVERSION = YES;
				CLANG_WARN_OBJC_IMPLICIT_RETAIN_SELF = YES;
				CLANG_WARN_OBJC_LITERAL_CONVERSION = YES;
				CLANG_WARN_OBJC_ROOT_CLASS = YES_ERROR;
				CLANG_WARN_QUOTED_INCLUDE_IN_FRAMEWORK_HEADER = YES;
				CLANG_WARN_RANGE_LOOP_ANALYSIS = YES;
				CLANG_WARN_STRICT_PROTOTYPES = YES;
				CLANG_WARN_SUSPICIOUS_MOVE = YES;
				CLANG_WARN_UNGUARDED_AVAILABILITY = YES_AGGRESSIVE;
				CLANG_WARN_UNREACHABLE_CODE = YES;
				CLANG_WARN__DUPLICATE_METHOD_MATCH = YES;
				COPY_PHASE_STRIP = NO;
				DEBUG_INFORMATION_FORMAT = dwarf;
				ENABLE_STRICT_OBJC_MSGSEND = YES;
				ENABLE_TESTABILITY = YES;
				ENABLE_USER_SCRIPT_SANDBOXING = NO;
				GCC_C_LANGUAGE_STANDARD = gnu17;
				GCC_DYNAMIC_NO_PIC = NO;
				GCC_NO_COMMON_BLOCKS = YES;
				GCC_OPTIMIZATION_LEVEL = 0;
				GCC_PREPROCESSOR_DEFINITIONS = (
					"DEBUG=1",
					"$(inherited)",
				);
				GCC_WARN_64_TO_32_BIT_CONVERSION = YES;
				GCC_WARN_ABOUT_RETURN_TYPE = YES_ERROR;
				GCC_WARN_UNDECLARED_SELECTOR = YES;
				GCC_WARN_UNINITIALIZED_AUTOS = YES_AGGRESSIVE;
				GCC_WARN_UNUSED_FUNCTION = YES;
				GCC_WARN_UNUSED_VARIABLE = YES;
				IPHONEOS_DEPLOYMENT_TARGET = 17.5;
				LOCALIZATION_PREFERS_STRING_CATALOGS = YES;
				MTL_ENABLE_DEBUG_INFO = INCLUDE_SOURCE;
				MTL_FAST_MATH = YES;
				ONLY_ACTIVE_ARCH = YES;
				SDKROOT = iphoneos;
				SWIFT_ACTIVE_COMPILATION_CONDITIONS = "DEBUG $(inherited)";
				SWIFT_OPTIMIZATION_LEVEL = "-Onone";
			};
			name = Debug;
		};
		ACAE3EEA2CDB7C5F00BCC4C8 /* Release */ = {
			isa = XCBuildConfiguration;
			buildSettings = {
				ALWAYS_SEARCH_USER_PATHS = NO;
				ASSETCATALOG_COMPILER_GENERATE_SWIFT_ASSET_SYMBOL_EXTENSIONS = YES;
				CLANG_ANALYZER_NONNULL = YES;
				CLANG_ANALYZER_NUMBER_OBJECT_CONVERSION = YES_AGGRESSIVE;
				CLANG_CXX_LANGUAGE_STANDARD = "gnu++20";
				CLANG_ENABLE_MODULES = YES;
				CLANG_ENABLE_OBJC_ARC = YES;
				CLANG_ENABLE_OBJC_WEAK = YES;
				CLANG_WARN_BLOCK_CAPTURE_AUTORELEASING = YES;
				CLANG_WARN_BOOL_CONVERSION = YES;
				CLANG_WARN_COMMA = YES;
				CLANG_WARN_CONSTANT_CONVERSION = YES;
				CLANG_WARN_DEPRECATED_OBJC_IMPLEMENTATIONS = YES;
				CLANG_WARN_DIRECT_OBJC_ISA_USAGE = YES_ERROR;
				CLANG_WARN_DOCUMENTATION_COMMENTS = YES;
				CLANG_WARN_EMPTY_BODY = YES;
				CLANG_WARN_ENUM_CONVERSION = YES;
				CLANG_WARN_INFINITE_RECURSION = YES;
				CLANG_WARN_INT_CONVERSION = YES;
				CLANG_WARN_NON_LITERAL_NULL_CONVERSION = YES;
				CLANG_WARN_OBJC_IMPLICIT_RETAIN_SELF = YES;
				CLANG_WARN_OBJC_LITERAL_CONVERSION = YES;
				CLANG_WARN_OBJC_ROOT_CLASS = YES_ERROR;
				CLANG_WARN_QUOTED_INCLUDE_IN_FRAMEWORK_HEADER = YES;
				CLANG_WARN_RANGE_LOOP_ANALYSIS = YES;
				CLANG_WARN_STRICT_PROTOTYPES = YES;
				CLANG_WARN_SUSPICIOUS_MOVE = YES;
				CLANG_WARN_UNGUARDED_AVAILABILITY = YES_AGGRESSIVE;
				CLANG_WARN_UNREACHABLE_CODE = YES;
				CLANG_WARN__DUPLICATE_METHOD_MATCH = YES;
				COPY_PHASE_STRIP = NO;
				DEBUG_INFORMATION_FORMAT = "dwarf-with-dsym";
				ENABLE_NS_ASSERTIONS = NO;
				ENABLE_STRICT_OBJC_MSGSEND = YES;
				ENABLE_USER_SCRIPT_SANDBOXING = NO;
				GCC_C_LANGUAGE_STANDARD = gnu17;
				GCC_NO_COMMON_BLOCKS = YES;
				GCC_WARN_64_TO_32_BIT_CONVERSION = YES;
				GCC_WARN_ABOUT_RETURN_TYPE = YES_ERROR;
				GCC_WARN_UNDECLARED_SELECTOR = YES;
				GCC_WARN_UNINITIALIZED_AUTOS = YES_AGGRESSIVE;
				GCC_WARN_UNUSED_FUNCTION = YES;
				GCC_WARN_UNUSED_VARIABLE = YES;
				IPHONEOS_DEPLOYMENT_TARGET = 17.5;
				LOCALIZATION_PREFERS_STRING_CATALOGS = YES;
				MTL_ENABLE_DEBUG_INFO = NO;
				MTL_FAST_MATH = YES;
				SDKROOT = iphoneos;
				SWIFT_COMPILATION_MODE = wholemodule;
				VALIDATE_PRODUCT = YES;
			};
			name = Release;
		};
		ACAE3EEC2CDB7C5F00BCC4C8 /* Debug */ = {
			isa = XCBuildConfiguration;
			baseConfigurationReference = 78E004738788A90CFAF6BD19 /* Pods-mapView.debug.xcconfig */;
			buildSettings = {
				ASSETCATALOG_COMPILER_APPICON_NAME = AppIcon;
				ASSETCATALOG_COMPILER_GLOBAL_ACCENT_COLOR_NAME = AccentColor;
				CODE_SIGN_STYLE = Automatic;
				CURRENT_PROJECT_VERSION = 1;
				GENERATE_INFOPLIST_FILE = YES;
				INFOPLIST_FILE = mapView/Info.plist;
				INFOPLIST_KEY_NSLocationWhenInUseUsageDescription = "We need your location";
				INFOPLIST_KEY_UIApplicationSupportsIndirectInputEvents = YES;
				INFOPLIST_KEY_UILaunchStoryboardName = LaunchScreen;
				INFOPLIST_KEY_UIMainStoryboardFile = Main;
				INFOPLIST_KEY_UISupportedInterfaceOrientations_iPad = "UIInterfaceOrientationPortrait UIInterfaceOrientationPortraitUpsideDown UIInterfaceOrientationLandscapeLeft UIInterfaceOrientationLandscapeRight";
				INFOPLIST_KEY_UISupportedInterfaceOrientations_iPhone = "UIInterfaceOrientationPortrait UIInterfaceOrientationLandscapeLeft UIInterfaceOrientationLandscapeRight";
				LD_RUNPATH_SEARCH_PATHS = (
					"$(inherited)",
					"@executable_path/Frameworks",
				);
				MARKETING_VERSION = 1.0;
				PRODUCT_BUNDLE_IDENTIFIER = kz.mobydev.mapView;
				PRODUCT_NAME = "$(TARGET_NAME)";
				SWIFT_EMIT_LOC_STRINGS = YES;
				SWIFT_VERSION = 5.0;
				TARGETED_DEVICE_FAMILY = "1,2";
			};
			name = Debug;
		};
		ACAE3EED2CDB7C5F00BCC4C8 /* Release */ = {
			isa = XCBuildConfiguration;
			baseConfigurationReference = F1FF856F753393A7C72184AA /* Pods-mapView.release.xcconfig */;
			buildSettings = {
				ASSETCATALOG_COMPILER_APPICON_NAME = AppIcon;
				ASSETCATALOG_COMPILER_GLOBAL_ACCENT_COLOR_NAME = AccentColor;
				CODE_SIGN_STYLE = Automatic;
				CURRENT_PROJECT_VERSION = 1;
				GENERATE_INFOPLIST_FILE = YES;
				INFOPLIST_FILE = mapView/Info.plist;
				INFOPLIST_KEY_NSLocationWhenInUseUsageDescription = "We need your location";
				INFOPLIST_KEY_UIApplicationSupportsIndirectInputEvents = YES;
				INFOPLIST_KEY_UILaunchStoryboardName = LaunchScreen;
				INFOPLIST_KEY_UIMainStoryboardFile = Main;
				INFOPLIST_KEY_UISupportedInterfaceOrientations_iPad = "UIInterfaceOrientationPortrait UIInterfaceOrientationPortraitUpsideDown UIInterfaceOrientationLandscapeLeft UIInterfaceOrientationLandscapeRight";
				INFOPLIST_KEY_UISupportedInterfaceOrientations_iPhone = "UIInterfaceOrientationPortrait UIInterfaceOrientationLandscapeLeft UIInterfaceOrientationLandscapeRight";
				LD_RUNPATH_SEARCH_PATHS = (
					"$(inherited)",
					"@executable_path/Frameworks",
				);
				MARKETING_VERSION = 1.0;
				PRODUCT_BUNDLE_IDENTIFIER = kz.mobydev.mapView;
				PRODUCT_NAME = "$(TARGET_NAME)";
				SWIFT_EMIT_LOC_STRINGS = YES;
				SWIFT_VERSION = 5.0;
				TARGETED_DEVICE_FAMILY = "1,2";
			};
			name = Release;
		};
/* End XCBuildConfiguration section */

/* Begin XCConfigurationList section */
		ACAE3ED22CDB7C5E00BCC4C8 /* Build configuration list for PBXProject "mapView" */ = {
			isa = XCConfigurationList;
			buildConfigurations = (
				ACAE3EE92CDB7C5F00BCC4C8 /* Debug */,
				ACAE3EEA2CDB7C5F00BCC4C8 /* Release */,
			);
			defaultConfigurationIsVisible = 0;
			defaultConfigurationName = Release;
		};
		ACAE3EEB2CDB7C5F00BCC4C8 /* Build configuration list for PBXNativeTarget "mapView" */ = {
			isa = XCConfigurationList;
			buildConfigurations = (
				ACAE3EEC2CDB7C5F00BCC4C8 /* Debug */,
				ACAE3EED2CDB7C5F00BCC4C8 /* Release */,
			);
			defaultConfigurationIsVisible = 0;
			defaultConfigurationName = Release;
		};
/* End XCConfigurationList section */
	};
	rootObject = ACAE3ECF2CDB7C5E00BCC4C8 /* Project object */;
}
